// !$*UTF8*$!
{
	archiveVersion = 1;
	classes = {
	};
	objectVersion = 46;
	objects = {

/* Begin PBXBuildFile section */
		22C2161C1DE785F60016CD58 /* AppDelegate.swift in Sources */ = {isa = PBXBuildFile; fileRef = 22C2161B1DE785F60016CD58 /* AppDelegate.swift */; };
		22C2161E1DE785F60016CD58 /* ViewController.swift in Sources */ = {isa = PBXBuildFile; fileRef = 22C2161D1DE785F60016CD58 /* ViewController.swift */; };
		22C216211DE785F60016CD58 /* Main.storyboard in Resources */ = {isa = PBXBuildFile; fileRef = 22C2161F1DE785F60016CD58 /* Main.storyboard */; };
		22C216231DE785F60016CD58 /* Assets.xcassets in Resources */ = {isa = PBXBuildFile; fileRef = 22C216221DE785F60016CD58 /* Assets.xcassets */; };
		22C216261DE785F60016CD58 /* LaunchScreen.storyboard in Resources */ = {isa = PBXBuildFile; fileRef = 22C216241DE785F60016CD58 /* LaunchScreen.storyboard */; };
/* End PBXBuildFile section */

/* Begin PBXFileReference section */
		22C216181DE785F60016CD58 /* MiraclePill.app */ = {isa = PBXFileReference; explicitFileType = wrapper.application; includeInIndex = 0; path = MiraclePill.app; sourceTree = BUILT_PRODUCTS_DIR; };
		22C2161B1DE785F60016CD58 /* AppDelegate.swift */ = {isa = PBXFileReference; lastKnownFileType = sourcecode.swift; path = AppDelegate.swift; sourceTree = "<group>"; };
		22C2161D1DE785F60016CD58 /* ViewController.swift */ = {isa = PBXFileReference; lastKnownFileType = sourcecode.swift; path = ViewController.swift; sourceTree = "<group>"; };
		22C216201DE785F60016CD58 /* Base */ = {isa = PBXFileReference; lastKnownFileType = file.storyboard; name = Base; path = Base.lproj/Main.storyboard; sourceTree = "<group>"; };
		22C216221DE785F60016CD58 /* Assets.xcassets */ = {isa = PBXFileReference; lastKnownFileType = folder.assetcatalog; path = Assets.xcassets; sourceTree = "<group>"; };
		22C216251DE785F60016CD58 /* Base */ = {isa = PBXFileReference; lastKnownFileType = file.storyboard; name = Base; path = Base.lproj/LaunchScreen.storyboard; sourceTree = "<group>"; };
		22C216271DE785F60016CD58 /* Info.plist */ = {isa = PBXFileReference; lastKnownFileType = text.plist.xml; path = Info.plist; sourceTree = "<group>"; };
/* End PBXFileReference section */

/* Begin PBXFrameworksBuildPhase section */
		22C216151DE785F60016CD58 /* Frameworks */ = {
			isa = PBXFrameworksBuildPhase;
			buildActionMask = 2147483647;
			files = (
			);
			runOnlyForDeploymentPostprocessing = 0;
		};
/* End PBXFrameworksBuildPhase section */

/* Begin PBXGroup section */
		22C2160F1DE785F50016CD58 = {
			isa = PBXGroup;
			children = (
				22C2161A1DE785F60016CD58 /* MiraclePill */,
				22C216191DE785F60016CD58 /* Products */,
			);
			sourceTree = "<group>";
		};
		22C216191DE785F60016CD58 /* Products */ = {
			isa = PBXGroup;
			children = (
				22C216181DE785F60016CD58 /* MiraclePill.app */,
			);
			name = Products;
			sourceTree = "<group>";
		};
		22C2161A1DE785F60016CD58 /* MiraclePill */ = {
			isa = PBXGroup;
			children = (
				22C2161B1DE785F60016CD58 /* AppDelegate.swift */,
				22C2161D1DE785F60016CD58 /* ViewController.swift */,
				22C2161F1DE785F60016CD58 /* Main.storyboard */,
				22C216221DE785F60016CD58 /* Assets.xcassets */,
				22C216241DE785F60016CD58 /* LaunchScreen.storyboard */,
				22C216271DE785F60016CD58 /* Info.plist */,
			);
			path = MiraclePill;
			sourceTree = "<group>";
		};
/* End PBXGroup section */

/* Begin PBXNativeTarget section */
		22C216171DE785F60016CD58 /* MiraclePill */ = {
			isa = PBXNativeTarget;
			buildConfigurationList = 22C2162A1DE785F60016CD58 /* Build configuration list for PBXNativeTarget "MiraclePill" */;
			buildPhases = (
				22C216141DE785F60016CD58 /* Sources */,
				22C216151DE785F60016CD58 /* Frameworks */,
				22C216161DE785F60016CD58 /* Resources */,
			);
			buildRules = (
			);
			dependencies = (
			);
			name = MiraclePill;
			productName = MiraclePill;
			productReference = 22C216181DE785F60016CD58 /* MiraclePill.app */;
			productType = "com.apple.product-type.application";
		};
/* End PBXNativeTarget section */

/* Begin PBXProject section */
		22C216101DE785F50016CD58 /* Project object */ = {
			isa = PBXProject;
			attributes = {
				LastSwiftUpdateCheck = 0810;
				LastUpgradeCheck = 0810;
				ORGANIZATIONNAME = "Xiaohan Chen";
				TargetAttributes = {
					22C216171DE785F60016CD58 = {
						CreatedOnToolsVersion = 8.1;
						DevelopmentTeam = MH7QLQHMV2;
						ProvisioningStyle = Automatic;
					};
				};
			};
			buildConfigurationList = 22C216131DE785F50016CD58 /* Build configuration list for PBXProject "MiraclePill" */;
			compatibilityVersion = "Xcode 3.2";
			developmentRegion = English;
			hasScannedForEncodings = 0;
			knownRegions = (
				en,
				Base,
			);
			mainGroup = 22C2160F1DE785F50016CD58;
			productRefGroup = 22C216191DE785F60016CD58 /* Products */;
			projectDirPath = "";
			projectRoot = "";
			targets = (
				22C216171DE785F60016CD58 /* MiraclePill */,
			);
		};
/* End PBXProject section */

/* Begin PBXResourcesBuildPhase section */
		22C216161DE785F60016CD58 /* Resources */ = {
			isa = PBXResourcesBuildPhase;
			buildActionMask = 2147483647;
			files = (
				22C216261DE785F60016CD58 /* LaunchScreen.storyboard in Resources */,
				22C216231DE785F60016CD58 /* Assets.xcassets in Resources */,
				22C216211DE785F60016CD58 /* Main.storyboard in Resources */,
			);
			runOnlyForDeploymentPostprocessing = 0;
		};
/* End PBXResourcesBuildPhase section */

/* Begin PBXSourcesBuildPhase section */
		22C216141DE785F60016CD58 /* Sources */ = {
			isa = PBXSourcesBuildPhase;
			buildActionMask = 2147483647;
			files = (
				22C2161E1DE785F60016CD58 /* ViewController.swift in Sources */,
				22C2161C1DE785F60016CD58 /* AppDelegate.swift in Sources */,
			);
			runOnlyForDeploymentPostprocessing = 0;
		};
/* End PBXSourcesBuildPhase section */

/* Begin PBXVariantGroup section */
		22C2161F1DE785F60016CD58 /* Main.storyboard */ = {
			isa = PBXVariantGroup;
			children = (
				22C216201DE785F60016CD58 /* Base */,
			);
			name = Main.storyboard;
			sourceTree = "<group>";
		};
		22C216241DE785F60016CD58 /* LaunchScreen.storyboard */ = {
			isa = PBXVariantGroup;
			children = (
				22C216251DE785F60016CD58 /* Base */,
			);
			name = LaunchScreen.storyboard;
			sourceTree = "<group>";
		};
/* End PBXVariantGroup section */

/* Begin XCBuildConfiguration section */
		22C216281DE785F60016CD58 /* Debug */ = {
			isa = XCBuildConfiguration;
			buildSettings = {
				ALWAYS_SEARCH_USER_PATHS = NO;
				CLANG_ANALYZER_NONNULL = YES;
				CLANG_CXX_LANGUAGE_STANDARD = "gnu++0x";
				CLANG_CXX_LIBRARY = "libc++";
				CLANG_ENABLE_MODULES = YES;
				CLANG_ENABLE_OBJC_ARC = YES;
				CLANG_WARN_BOOL_CONVERSION = YES;
				CLANG_WARN_CONSTANT_CONVERSION = YES;
				CLANG_WARN_DIRECT_OBJC_ISA_USAGE = YES_ERROR;
				CLANG_WARN_DOCUMENTATION_COMMENTS = YES;
				CLANG_WARN_EMPTY_BODY = YES;
				CLANG_WARN_ENUM_CONVERSION = YES;
				CLANG_WARN_INFINITE_RECURSION = YES;
				CLANG_WARN_INT_CONVERSION = YES;
				CLANG_WARN_OBJC_ROOT_CLASS = YES_ERROR;
				CLANG_WARN_SUSPICIOUS_MOVES = YES;
				CLANG_WARN_UNREACHABLE_CODE = YES;
				CLANG_WARN__DUPLICATE_METHOD_MATCH = YES;
				"CODE_SIGN_IDENTITY[sdk=iphoneos*]" = "iPhone Developer";
				COPY_PHASE_STRIP = NO;
				DEBUG_INFORMATION_FORMAT = dwarf;
				ENABLE_STRICT_OBJC_MSGSEND = YES;
				ENABLE_TESTABILITY = YES;
				GCC_C_LANGUAGE_STANDARD = gnu99;
				GCC_DYNAMIC_NO_PIC = NO;
				GCC_NO_COMMON_BLOCKS = YES;
				GCC_OPTIMIZATION_LEVEL = 0;
				GCC_PREPROCESSOR_DEFINITIONS = (
					"DEBUG=1",
					"$(inherited)",
				);
				GCC_WARN_64_TO_32_BIT_CONVERSION = YES;
				GCC_WARN_ABOUT_RETURN_TYPE = YES_ERROR;
				GCC_WARN_UNDECLARED_SELECTOR = YES;
				GCC_WARN_UNINITIALIZED_AUTOS = YES_AGGRESSIVE;
				GCC_WARN_UNUSED_FUNCTION = YES;
				GCC_WARN_UNUSED_VARIABLE = YES;
				IPHONEOS_DEPLOYMENT_TARGET = 10.1;
				MTL_ENABLE_DEBUG_INFO = YES;
				ONLY_ACTIVE_ARCH = YES;
				SDKROOT = iphoneos;
				SWIFT_ACTIVE_COMPILATION_CONDITIONS = DEBUG;
				SWIFT_OPTIMIZATION_LEVEL = "-Onone";
				TARGETED_DEVICE_FAMILY = "1,2";
			};
			name = Debug;
		};
		22C216291DE785F60016CD58 /* Release */ = {
			isa = XCBuildConfiguration;
			buildSettings = {
				ALWAYS_SEARCH_USER_PATHS = NO;
				CLANG_ANALYZER_NONNULL = YES;
				CLANG_CXX_LANGUAGE_STANDARD = "gnu++0x";
				CLANG_CXX_LIBRARY = "libc++";
				CLANG_ENABLE_MODULES = YES;
				CLANG_ENABLE_OBJC_ARC = YES;
				CLANG_WARN_BOOL_CONVERSION = YES;
				CLANG_WARN_CONSTANT_CONVERSION = YES;
				CLANG_WARN_DIRECT_OBJC_ISA_USAGE = YES_ERROR;
				CLANG_WARN_DOCUMENTATION_COMMENTS = YES;
				CLANG_WARN_EMPTY_BODY = YES;
				CLANG_WARN_ENUM_CONVERSION = YES;
				CLANG_WARN_INFINITE_RECURSION = YES;
				CLANG_WARN_INT_CONVERSION = YES;
				CLANG_WARN_OBJC_ROOT_CLASS = YES_ERROR;
				CLANG_WARN_SUSPICIOUS_MOVES = YES;
				CLANG_WARN_UNREACHABLE_CODE = YES;
				CLANG_WARN__DUPLICATE_METHOD_MATCH = YES;
				"CODE_SIGN_IDENTITY[sdk=iphoneos*]" = "iPhone Developer";
				COPY_PHASE_STRIP = NO;
				DEBUG_INFORMATION_FORMAT = "dwarf-with-dsym";
				ENABLE_NS_ASSERTIONS = NO;
				ENABLE_STRICT_OBJC_MSGSEND = YES;
				GCC_C_LANGUAGE_STANDARD = gnu99;
				GCC_NO_COMMON_BLOCKS = YES;
				GCC_WARN_64_TO_32_BIT_CONVERSION = YES;
				GCC_WARN_ABOUT_RETURN_TYPE = YES_ERROR;
				GCC_WARN_UNDECLARED_SELECTOR = YES;
				GCC_WARN_UNINITIALIZED_AUTOS = YES_AGGRESSIVE;
				GCC_WARN_UNUSED_FUNCTION = YES;
				GCC_WARN_UNUSED_VARIABLE = YES;
				IPHONEOS_DEPLOYMENT_TARGET = 10.1;
				MTL_ENABLE_DEBUG_INFO = NO;
				SDKROOT = iphoneos;
				SWIFT_OPTIMIZATION_LEVEL = "-Owholemodule";
				TARGETED_DEVICE_FAMILY = "1,2";
				VALIDATE_PRODUCT = YES;
			};
			name = Release;
		};
		22C2162B1DE785F60016CD58 /* Debug */ = {
			isa = XCBuildConfiguration;
			buildSettings = {
				ASSETCATALOG_COMPILER_APPICON_NAME = AppIcon;
				DEVELOPMENT_TEAM = MH7QLQHMV2;
				INFOPLIST_FILE = MiraclePill/Info.plist;
				LD_RUNPATH_SEARCH_PATHS = "$(inherited) @executable_path/Frameworks";
				PRODUCT_BUNDLE_IDENTIFIER = Xiaohan.MiraclePill;
				PRODUCT_NAME = "$(TARGET_NAME)";
				SWIFT_VERSION = 3.0;
			};
			name = Debug;
		};
		22C2162C1DE785F60016CD58 /* Release */ = {
			isa = XCBuildConfiguration;
			buildSettings = {
				ASSETCATALOG_COMPILER_APPICON_NAME = AppIcon;
				DEVELOPMENT_TEAM = MH7QLQHMV2;
				INFOPLIST_FILE = MiraclePill/Info.plist;
				LD_RUNPATH_SEARCH_PATHS = "$(inherited) @executable_path/Frameworks";
				PRODUCT_BUNDLE_IDENTIFIER = Xiaohan.MiraclePill;
				PRODUCT_NAME = "$(TARGET_NAME)";
				SWIFT_VERSION = 3.0;
			};
			name = Release;
		};
/* End XCBuildConfiguration section */

/* Begin XCConfigurationList section */
		22C216131DE785F50016CD58 /* Build configuration list for PBXProject "MiraclePill" */ = {
			isa = XCConfigurationList;
			buildConfigurations = (
				22C216281DE785F60016CD58 /* Debug */,
				22C216291DE785F60016CD58 /* Release */,
			);
			defaultConfigurationIsVisible = 0;
			defaultConfigurationName = Release;
		};
		22C2162A1DE785F60016CD58 /* Build configuration list for PBXNativeTarget "MiraclePill" */ = {
			isa = XCConfigurationList;
			buildConfigurations = (
				22C2162B1DE785F60016CD58 /* Debug */,
				22C2162C1DE785F60016CD58 /* Release */,
			);
			defaultConfigurationIsVisible = 0;
		};
/* End XCConfigurationList section */
	};
	rootObject = 22C216101DE785F50016CD58 /* Project object */;
}
